
Microsoft Visual Studio Solution File, Format Version 12.00
# Visual Studio Version 17
VisualStudioVersion = 17.0.31903.59
MinimumVisualStudioVersion = 10.0.40219.1
Project("{FAE04EC0-301F-11D3-BF4B-00C04F79EFBC}") = "PeopleBackendReact.Web", "PeopleBackendReact.Web\PeopleBackendReact.Web.csproj", "{A8752B99-2013-4618-AC37-C6ECDA075A01}"
EndProject
Project("{FAE04EC0-301F-11D3-BF4B-00C04F79EFBC}") = "PeopleBackendReact.Data", "PeopleBackendReact.Data\PeopleBackendReact.Data.csproj", "{F4FF498E-A751-4F30-9D28-51BC10886751}"
EndProject
Global
	GlobalSection(SolutionConfigurationPlatforms) = preSolution
		Debug|Any CPU = Debug|Any CPU
		Release|Any CPU = Release|Any CPU
	EndGlobalSection
	GlobalSection(SolutionProperties) = preSolution
		HideSolutionNode = FALSE
	EndGlobalSection
	GlobalSection(ProjectConfigurationPlatforms) = postSolution
		{A8752B99-2013-4618-AC37-C6ECDA075A01}.Debug|Any CPU.ActiveCfg = Debug|Any CPU
		{A8752B99-2013-4618-AC37-C6ECDA075A01}.Debug|Any CPU.Build.0 = Debug|Any CPU
		{A8752B99-2013-4618-AC37-C6ECDA075A01}.Release|Any CPU.ActiveCfg = Release|Any CPU
		{A8752B99-2013-4618-AC37-C6ECDA075A01}.Release|Any CPU.Build.0 = Release|Any CPU
		{F4FF498E-A751-4F30-9D28-51BC10886751}.Debug|Any CPU.ActiveCfg = Debug|Any CPU
		{F4FF498E-A751-4F30-9D28-51BC10886751}.Debug|Any CPU.Build.0 = Debug|Any CPU
		{F4FF498E-A751-4F30-9D28-51BC10886751}.Release|Any CPU.ActiveCfg = Release|Any CPU
		{F4FF498E-A751-4F30-9D28-51BC10886751}.Release|Any CPU.Build.0 = Release|Any CPU
	EndGlobalSection
EndGlobal
